
Microsoft Visual Studio Solution File, Format Version 12.00
# Visual Studio Version 16
VisualStudioVersion = 16.0.30804.86
MinimumVisualStudioVersion = 10.0.40219.1
Project("{FAE04EC0-301F-11D3-BF4B-00C04F79EFBC}") = "Utilities-Eqv", "Utilities-Eqv\Utilities-Eqv.csproj", "{9B8B12D4-5480-4440-ACF0-543F6B37B085}"
EndProject
Global
	GlobalSection(SolutionConfigurationPlatforms) = preSolution
		Debug|Any CPU = Debug|Any CPU
		Release|Any CPU = Release|Any CPU
	EndGlobalSection
	GlobalSection(ProjectConfigurationPlatforms) = postSolution
		{9B8B12D4-5480-4440-ACF0-543F6B37B085}.Debug|Any CPU.ActiveCfg = Debug|Any CPU
		{9B8B12D4-5480-4440-ACF0-543F6B37B085}.Debug|Any CPU.Build.0 = Debug|Any CPU
		{9B8B12D4-5480-4440-ACF0-543F6B37B085}.Release|Any CPU.ActiveCfg = Release|Any CPU
		{9B8B12D4-5480-4440-ACF0-543F6B37B085}.Release|Any CPU.Build.0 = Release|Any CPU
	EndGlobalSection
	GlobalSection(SolutionProperties) = preSolution
		HideSolutionNode = FALSE
	EndGlobalSection
	GlobalSection(ExtensibilityGlobals) = postSolution
		SolutionGuid = {6B6F86C9-5274-4C95-B8E4-D86CA7349BD6}
	EndGlobalSection
EndGlobal
